// !$*UTF8*$!
{
	archiveVersion = 1;
	classes = {
	};
	objectVersion = 55;
	objects = {

/* Begin PBXBuildFile section */
		17A38C0528F458ED0040C9FB /* MusicCollectionViewCell.swift in Sources */ = {isa = PBXBuildFile; fileRef = 17A38C0428F458ED0040C9FB /* MusicCollectionViewCell.swift */; };
		17D25AF528F55E6F0082E7FA /* Category.swift in Sources */ = {isa = PBXBuildFile; fileRef = 17D25AF428F55E6F0082E7FA /* Category.swift */; };
		17D25AF728F599430082E7FA /* Music2CollectionViewCell.swift in Sources */ = {isa = PBXBuildFile; fileRef = 17D25AF628F599430082E7FA /* Music2CollectionViewCell.swift */; };
		17D25AF928F5A9820082E7FA /* Music3CollectionViewCell.swift in Sources */ = {isa = PBXBuildFile; fileRef = 17D25AF828F5A9820082E7FA /* Music3CollectionViewCell.swift */; };
		17E0482928F2FF2B00CD90BA /* AppDelegate.swift in Sources */ = {isa = PBXBuildFile; fileRef = 17E0482828F2FF2B00CD90BA /* AppDelegate.swift */; };
		17E0482B28F2FF2B00CD90BA /* SceneDelegate.swift in Sources */ = {isa = PBXBuildFile; fileRef = 17E0482A28F2FF2B00CD90BA /* SceneDelegate.swift */; };
		17E0482D28F2FF2B00CD90BA /* ViewController.swift in Sources */ = {isa = PBXBuildFile; fileRef = 17E0482C28F2FF2B00CD90BA /* ViewController.swift */; };
		17E0483028F2FF2B00CD90BA /* Main.storyboard in Resources */ = {isa = PBXBuildFile; fileRef = 17E0482E28F2FF2B00CD90BA /* Main.storyboard */; };
		17E0483228F2FF2E00CD90BA /* Assets.xcassets in Resources */ = {isa = PBXBuildFile; fileRef = 17E0483128F2FF2E00CD90BA /* Assets.xcassets */; };
		17E0483528F2FF2E00CD90BA /* LaunchScreen.storyboard in Resources */ = {isa = PBXBuildFile; fileRef = 17E0483328F2FF2E00CD90BA /* LaunchScreen.storyboard */; };
		17E0484228F307AC00CD90BA /* NoyhR-Medium.ttf in Resources */ = {isa = PBXBuildFile; fileRef = 17E0484128F307AC00CD90BA /* NoyhR-Medium.ttf */; };
/* End PBXBuildFile section */

/* Begin PBXFileReference section */
		17A38C0428F458ED0040C9FB /* MusicCollectionViewCell.swift */ = {isa = PBXFileReference; lastKnownFileType = sourcecode.swift; path = MusicCollectionViewCell.swift; sourceTree = "<group>"; };
		17D25AF428F55E6F0082E7FA /* Category.swift */ = {isa = PBXFileReference; lastKnownFileType = sourcecode.swift; path = Category.swift; sourceTree = "<group>"; };
		17D25AF628F599430082E7FA /* Music2CollectionViewCell.swift */ = {isa = PBXFileReference; lastKnownFileType = sourcecode.swift; path = Music2CollectionViewCell.swift; sourceTree = "<group>"; };
		17D25AF828F5A9820082E7FA /* Music3CollectionViewCell.swift */ = {isa = PBXFileReference; lastKnownFileType = sourcecode.swift; path = Music3CollectionViewCell.swift; sourceTree = "<group>"; };
		17E0482528F2FF2B00CD90BA /* Homework6.app */ = {isa = PBXFileReference; explicitFileType = wrapper.application; includeInIndex = 0; path = Homework6.app; sourceTree = BUILT_PRODUCTS_DIR; };
		17E0482828F2FF2B00CD90BA /* AppDelegate.swift */ = {isa = PBXFileReference; lastKnownFileType = sourcecode.swift; path = AppDelegate.swift; sourceTree = "<group>"; };
		17E0482A28F2FF2B00CD90BA /* SceneDelegate.swift */ = {isa = PBXFileReference; lastKnownFileType = sourcecode.swift; path = SceneDelegate.swift; sourceTree = "<group>"; };
		17E0482C28F2FF2B00CD90BA /* ViewController.swift */ = {isa = PBXFileReference; lastKnownFileType = sourcecode.swift; path = ViewController.swift; sourceTree = "<group>"; };
		17E0482F28F2FF2B00CD90BA /* Base */ = {isa = PBXFileReference; lastKnownFileType = file.storyboard; name = Base; path = Base.lproj/Main.storyboard; sourceTree = "<group>"; };
		17E0483128F2FF2E00CD90BA /* Assets.xcassets */ = {isa = PBXFileReference; lastKnownFileType = folder.assetcatalog; path = Assets.xcassets; sourceTree = "<group>"; };
		17E0483428F2FF2E00CD90BA /* Base */ = {isa = PBXFileReference; lastKnownFileType = file.storyboard; name = Base; path = Base.lproj/LaunchScreen.storyboard; sourceTree = "<group>"; };
		17E0483628F2FF2E00CD90BA /* Info.plist */ = {isa = PBXFileReference; lastKnownFileType = text.plist.xml; path = Info.plist; sourceTree = "<group>"; };
		17E0484128F307AC00CD90BA /* NoyhR-Medium.ttf */ = {isa = PBXFileReference; lastKnownFileType = file; path = "NoyhR-Medium.ttf"; sourceTree = "<group>"; };
/* End PBXFileReference section */

/* Begin PBXFrameworksBuildPhase section */
		17E0482228F2FF2B00CD90BA /* Frameworks */ = {
			isa = PBXFrameworksBuildPhase;
			buildActionMask = 2147483647;
			files = (
			);
			runOnlyForDeploymentPostprocessing = 0;
		};
/* End PBXFrameworksBuildPhase section */

/* Begin PBXGroup section */
		17E0481C28F2FF2B00CD90BA = {
			isa = PBXGroup;
			children = (
				17E0482728F2FF2B00CD90BA /* Homework6 */,
				17E0482628F2FF2B00CD90BA /* Products */,
			);
			sourceTree = "<group>";
		};
		17E0482628F2FF2B00CD90BA /* Products */ = {
			isa = PBXGroup;
			children = (
				17E0482528F2FF2B00CD90BA /* Homework6.app */,
			);
			name = Products;
			sourceTree = "<group>";
		};
		17E0482728F2FF2B00CD90BA /* Homework6 */ = {
			isa = PBXGroup;
			children = (
				17E0482828F2FF2B00CD90BA /* AppDelegate.swift */,
				17E0482A28F2FF2B00CD90BA /* SceneDelegate.swift */,
				17E0482C28F2FF2B00CD90BA /* ViewController.swift */,
				17A38C0428F458ED0040C9FB /* MusicCollectionViewCell.swift */,
				17D25AF628F599430082E7FA /* Music2CollectionViewCell.swift */,
				17D25AF828F5A9820082E7FA /* Music3CollectionViewCell.swift */,
				17E0482E28F2FF2B00CD90BA /* Main.storyboard */,
				17E0483128F2FF2E00CD90BA /* Assets.xcassets */,
				17E0483328F2FF2E00CD90BA /* LaunchScreen.storyboard */,
				17D25AF428F55E6F0082E7FA /* Category.swift */,
				17E0483628F2FF2E00CD90BA /* Info.plist */,
				17E0483C28F3014700CD90BA /* Font */,
			);
			path = Homework6;
			sourceTree = "<group>";
		};
		17E0483C28F3014700CD90BA /* Font */ = {
			isa = PBXGroup;
			children = (
				17E0484128F307AC00CD90BA /* NoyhR-Medium.ttf */,
			);
			path = Font;
			sourceTree = "<group>";
		};
/* End PBXGroup section */

/* Begin PBXNativeTarget section */
		17E0482428F2FF2B00CD90BA /* Homework6 */ = {
			isa = PBXNativeTarget;
			buildConfigurationList = 17E0483928F2FF2E00CD90BA /* Build configuration list for PBXNativeTarget "Homework6" */;
			buildPhases = (
				17E0482128F2FF2B00CD90BA /* Sources */,
				17E0482228F2FF2B00CD90BA /* Frameworks */,
				17E0482328F2FF2B00CD90BA /* Resources */,
			);
			buildRules = (
			);
			dependencies = (
			);
			name = Homework6;
			productName = Homework6;
			productReference = 17E0482528F2FF2B00CD90BA /* Homework6.app */;
			productType = "com.apple.product-type.application";
		};
/* End PBXNativeTarget section */

/* Begin PBXProject section */
		17E0481D28F2FF2B00CD90BA /* Project object */ = {
			isa = PBXProject;
			attributes = {
				BuildIndependentTargetsInParallel = 1;
				LastSwiftUpdateCheck = 1330;
				LastUpgradeCheck = 1330;
				TargetAttributes = {
					17E0482428F2FF2B00CD90BA = {
						CreatedOnToolsVersion = 13.3.1;
					};
				};
			};
			buildConfigurationList = 17E0482028F2FF2B00CD90BA /* Build configuration list for PBXProject "Homework6" */;
			compatibilityVersion = "Xcode 13.0";
			developmentRegion = en;
			hasScannedForEncodings = 0;
			knownRegions = (
				en,
				Base,
			);
			mainGroup = 17E0481C28F2FF2B00CD90BA;
			productRefGroup = 17E0482628F2FF2B00CD90BA /* Products */;
			projectDirPath = "";
			projectRoot = "";
			targets = (
				17E0482428F2FF2B00CD90BA /* Homework6 */,
			);
		};
/* End PBXProject section */

/* Begin PBXResourcesBuildPhase section */
		17E0482328F2FF2B00CD90BA /* Resources */ = {
			isa = PBXResourcesBuildPhase;
			buildActionMask = 2147483647;
			files = (
				17E0483528F2FF2E00CD90BA /* LaunchScreen.storyboard in Resources */,
				17E0483228F2FF2E00CD90BA /* Assets.xcassets in Resources */,
				17E0484228F307AC00CD90BA /* NoyhR-Medium.ttf in Resources */,
				17E0483028F2FF2B00CD90BA /* Main.storyboard in Resources */,
			);
			runOnlyForDeploymentPostprocessing = 0;
		};
/* End PBXResourcesBuildPhase section */

/* Begin PBXSourcesBuildPhase section */
		17E0482128F2FF2B00CD90BA /* Sources */ = {
			isa = PBXSourcesBuildPhase;
			buildActionMask = 2147483647;
			files = (
				17A38C0528F458ED0040C9FB /* MusicCollectionViewCell.swift in Sources */,
				17D25AF528F55E6F0082E7FA /* Category.swift in Sources */,
				17E0482D28F2FF2B00CD90BA /* ViewController.swift in Sources */,
				17E0482928F2FF2B00CD90BA /* AppDelegate.swift in Sources */,
				17E0482B28F2FF2B00CD90BA /* SceneDelegate.swift in Sources */,
				17D25AF928F5A9820082E7FA /* Music3CollectionViewCell.swift in Sources */,
				17D25AF728F599430082E7FA /* Music2CollectionViewCell.swift in Sources */,
			);
			runOnlyForDeploymentPostprocessing = 0;
		};
/* End PBXSourcesBuildPhase section */

/* Begin PBXVariantGroup section */
		17E0482E28F2FF2B00CD90BA /* Main.storyboard */ = {
			isa = PBXVariantGroup;
			children = (
				17E0482F28F2FF2B00CD90BA /* Base */,
			);
			name = Main.storyboard;
			sourceTree = "<group>";
		};
		17E0483328F2FF2E00CD90BA /* LaunchScreen.storyboard */ = {
			isa = PBXVariantGroup;
			children = (
				17E0483428F2FF2E00CD90BA /* Base */,
			);
			name = LaunchScreen.storyboard;
			sourceTree = "<group>";
		};
/* End PBXVariantGroup section */

/* Begin XCBuildConfiguration section */
		17E0483728F2FF2E00CD90BA /* Debug */ = {
			isa = XCBuildConfiguration;
			buildSettings = {
				ALWAYS_SEARCH_USER_PATHS = NO;
				CLANG_ANALYZER_NONNULL = YES;
				CLANG_ANALYZER_NUMBER_OBJECT_CONVERSION = YES_AGGRESSIVE;
				CLANG_CXX_LANGUAGE_STANDARD = "gnu++17";
				CLANG_ENABLE_MODULES = YES;
				CLANG_ENABLE_OBJC_ARC = YES;
				CLANG_ENABLE_OBJC_WEAK = YES;
				CLANG_WARN_BLOCK_CAPTURE_AUTORELEASING = YES;
				CLANG_WARN_BOOL_CONVERSION = YES;
				CLANG_WARN_COMMA = YES;
				CLANG_WARN_CONSTANT_CONVERSION = YES;
				CLANG_WARN_DEPRECATED_OBJC_IMPLEMENTATIONS = YES;
				CLANG_WARN_DIRECT_OBJC_ISA_USAGE = YES_ERROR;
				CLANG_WARN_DOCUMENTATION_COMMENTS = YES;
				CLANG_WARN_EMPTY_BODY = YES;
				CLANG_WARN_ENUM_CONVERSION = YES;
				CLANG_WARN_INFINITE_RECURSION = YES;
				CLANG_WARN_INT_CONVERSION = YES;
				CLANG_WARN_NON_LITERAL_NULL_CONVERSION = YES;
				CLANG_WARN_OBJC_IMPLICIT_RETAIN_SELF = YES;
				CLANG_WARN_OBJC_LITERAL_CONVERSION = YES;
				CLANG_WARN_OBJC_ROOT_CLASS = YES_ERROR;
				CLANG_WARN_QUOTED_INCLUDE_IN_FRAMEWORK_HEADER = YES;
				CLANG_WARN_RANGE_LOOP_ANALYSIS = YES;
				CLANG_WARN_STRICT_PROTOTYPES = YES;
				CLANG_WARN_SUSPICIOUS_MOVE = YES;
				CLANG_WARN_UNGUARDED_AVAILABILITY = YES_AGGRESSIVE;
				CLANG_WARN_UNREACHABLE_CODE = YES;
				CLANG_WARN__DUPLICATE_METHOD_MATCH = YES;
				COPY_PHASE_STRIP = NO;
				DEBUG_INFORMATION_FORMAT = dwarf;
				ENABLE_STRICT_OBJC_MSGSEND = YES;
				ENABLE_TESTABILITY = YES;
				GCC_C_LANGUAGE_STANDARD = gnu11;
				GCC_DYNAMIC_NO_PIC = NO;
				GCC_NO_COMMON_BLOCKS = YES;
				GCC_OPTIMIZATION_LEVEL = 0;
				GCC_PREPROCESSOR_DEFINITIONS = (
					"DEBUG=1",
					"$(inherited)",
				);
				GCC_WARN_64_TO_32_BIT_CONVERSION = YES;
				GCC_WARN_ABOUT_RETURN_TYPE = YES_ERROR;
				GCC_WARN_UNDECLARED_SELECTOR = YES;
				GCC_WARN_UNINITIALIZED_AUTOS = YES_AGGRESSIVE;
				GCC_WARN_UNUSED_FUNCTION = YES;
				GCC_WARN_UNUSED_VARIABLE = YES;
				IPHONEOS_DEPLOYMENT_TARGET = 15.4;
				MTL_ENABLE_DEBUG_INFO = INCLUDE_SOURCE;
				MTL_FAST_MATH = YES;
				ONLY_ACTIVE_ARCH = YES;
				SDKROOT = iphoneos;
				SWIFT_ACTIVE_COMPILATION_CONDITIONS = DEBUG;
				SWIFT_OPTIMIZATION_LEVEL = "-Onone";
			};
			name = Debug;
		};
		17E0483828F2FF2E00CD90BA /* Release */ = {
			isa = XCBuildConfiguration;
			buildSettings = {
				ALWAYS_SEARCH_USER_PATHS = NO;
				CLANG_ANALYZER_NONNULL = YES;
				CLANG_ANALYZER_NUMBER_OBJECT_CONVERSION = YES_AGGRESSIVE;
				CLANG_CXX_LANGUAGE_STANDARD = "gnu++17";
				CLANG_ENABLE_MODULES = YES;
				CLANG_ENABLE_OBJC_ARC = YES;
				CLANG_ENABLE_OBJC_WEAK = YES;
				CLANG_WARN_BLOCK_CAPTURE_AUTORELEASING = YES;
				CLANG_WARN_BOOL_CONVERSION = YES;
				CLANG_WARN_COMMA = YES;
				CLANG_WARN_CONSTANT_CONVERSION = YES;
				CLANG_WARN_DEPRECATED_OBJC_IMPLEMENTATIONS = YES;
				CLANG_WARN_DIRECT_OBJC_ISA_USAGE = YES_ERROR;
				CLANG_WARN_DOCUMENTATION_COMMENTS = YES;
				CLANG_WARN_EMPTY_BODY = YES;
				CLANG_WARN_ENUM_CONVERSION = YES;
				CLANG_WARN_INFINITE_RECURSION = YES;
				CLANG_WARN_INT_CONVERSION = YES;
				CLANG_WARN_NON_LITERAL_NULL_CONVERSION = YES;
				CLANG_WARN_OBJC_IMPLICIT_RETAIN_SELF = YES;
				CLANG_WARN_OBJC_LITERAL_CONVERSION = YES;
				CLANG_WARN_OBJC_ROOT_CLASS = YES_ERROR;
				CLANG_WARN_QUOTED_INCLUDE_IN_FRAMEWORK_HEADER = YES;
				CLANG_WARN_RANGE_LOOP_ANALYSIS = YES;
				CLANG_WARN_STRICT_PROTOTYPES = YES;
				CLANG_WARN_SUSPICIOUS_MOVE = YES;
				CLANG_WARN_UNGUARDED_AVAILABILITY = YES_AGGRESSIVE;
				CLANG_WARN_UNREACHABLE_CODE = YES;
				CLANG_WARN__DUPLICATE_METHOD_MATCH = YES;
				COPY_PHASE_STRIP = NO;
				DEBUG_INFORMATION_FORMAT = "dwarf-with-dsym";
				ENABLE_NS_ASSERTIONS = NO;
				ENABLE_STRICT_OBJC_MSGSEND = YES;
				GCC_C_LANGUAGE_STANDARD = gnu11;
				GCC_NO_COMMON_BLOCKS = YES;
				GCC_WARN_64_TO_32_BIT_CONVERSION = YES;
				GCC_WARN_ABOUT_RETURN_TYPE = YES_ERROR;
				GCC_WARN_UNDECLARED_SELECTOR = YES;
				GCC_WARN_UNINITIALIZED_AUTOS = YES_AGGRESSIVE;
				GCC_WARN_UNUSED_FUNCTION = YES;
				GCC_WARN_UNUSED_VARIABLE = YES;
				IPHONEOS_DEPLOYMENT_TARGET = 15.4;
				MTL_ENABLE_DEBUG_INFO = NO;
				MTL_FAST_MATH = YES;
				SDKROOT = iphoneos;
				SWIFT_COMPILATION_MODE = wholemodule;
				SWIFT_OPTIMIZATION_LEVEL = "-O";
				VALIDATE_PRODUCT = YES;
			};
			name = Release;
		};
		17E0483A28F2FF2E00CD90BA /* Debug */ = {
			isa = XCBuildConfiguration;
			buildSettings = {
				ASSETCATALOG_COMPILER_APPICON_NAME = AppIcon;
				ASSETCATALOG_COMPILER_GLOBAL_ACCENT_COLOR_NAME = AccentColor;
				CODE_SIGN_STYLE = Automatic;
				CURRENT_PROJECT_VERSION = 1;
				DEVELOPMENT_TEAM = UD84BLAXT6;
				GENERATE_INFOPLIST_FILE = YES;
				INFOPLIST_FILE = Homework6/Info.plist;
				INFOPLIST_KEY_UIApplicationSupportsIndirectInputEvents = YES;
				INFOPLIST_KEY_UILaunchStoryboardName = LaunchScreen;
				INFOPLIST_KEY_UIMainStoryboardFile = Main;
				INFOPLIST_KEY_UISupportedInterfaceOrientations_iPad = "UIInterfaceOrientationPortrait UIInterfaceOrientationPortraitUpsideDown UIInterfaceOrientationLandscapeLeft UIInterfaceOrientationLandscapeRight";
				INFOPLIST_KEY_UISupportedInterfaceOrientations_iPhone = "UIInterfaceOrientationPortrait UIInterfaceOrientationLandscapeLeft UIInterfaceOrientationLandscapeRight";
				LD_RUNPATH_SEARCH_PATHS = (
					"$(inherited)",
					"@executable_path/Frameworks",
				);
				MARKETING_VERSION = 1.0;
				PRODUCT_BUNDLE_IDENTIFIER = com.kiliclimehmetali.Homework6;
				PRODUCT_NAME = "$(TARGET_NAME)";
				SWIFT_EMIT_LOC_STRINGS = YES;
				SWIFT_VERSION = 5.0;
				TARGETED_DEVICE_FAMILY = "1,2";
			};
			name = Debug;
		};
		17E0483B28F2FF2E00CD90BA /* Release */ = {
			isa = XCBuildConfiguration;
			buildSettings = {
				ASSETCATALOG_COMPILER_APPICON_NAME = AppIcon;
				ASSETCATALOG_COMPILER_GLOBAL_ACCENT_COLOR_NAME = AccentColor;
				CODE_SIGN_STYLE = Automatic;
				CURRENT_PROJECT_VERSION = 1;
				DEVELOPMENT_TEAM = UD84BLAXT6;
				GENERATE_INFOPLIST_FILE = YES;
				INFOPLIST_FILE = Homework6/Info.plist;
				INFOPLIST_KEY_UIApplicationSupportsIndirectInputEvents = YES;
				INFOPLIST_KEY_UILaunchStoryboardName = LaunchScreen;
				INFOPLIST_KEY_UIMainStoryboardFile = Main;
				INFOPLIST_KEY_UISupportedInterfaceOrientations_iPad = "UIInterfaceOrientationPortrait UIInterfaceOrientationPortraitUpsideDown UIInterfaceOrientationLandscapeLeft UIInterfaceOrientationLandscapeRight";
				INFOPLIST_KEY_UISupportedInterfaceOrientations_iPhone = "UIInterfaceOrientationPortrait UIInterfaceOrientationLandscapeLeft UIInterfaceOrientationLandscapeRight";
				LD_RUNPATH_SEARCH_PATHS = (
					"$(inherited)",
					"@executable_path/Frameworks",
				);
				MARKETING_VERSION = 1.0;
				PRODUCT_BUNDLE_IDENTIFIER = com.kiliclimehmetali.Homework6;
				PRODUCT_NAME = "$(TARGET_NAME)";
				SWIFT_EMIT_LOC_STRINGS = YES;
				SWIFT_VERSION = 5.0;
				TARGETED_DEVICE_FAMILY = "1,2";
			};
			name = Release;
		};
/* End XCBuildConfiguration section */

/* Begin XCConfigurationList section */
		17E0482028F2FF2B00CD90BA /* Build configuration list for PBXProject "Homework6" */ = {
			isa = XCConfigurationList;
			buildConfigurations = (
				17E0483728F2FF2E00CD90BA /* Debug */,
				17E0483828F2FF2E00CD90BA /* Release */,
			);
			defaultConfigurationIsVisible = 0;
			defaultConfigurationName = Release;
		};
		17E0483928F2FF2E00CD90BA /* Build configuration list for PBXNativeTarget "Homework6" */ = {
			isa = XCConfigurationList;
			buildConfigurations = (
				17E0483A28F2FF2E00CD90BA /* Debug */,
				17E0483B28F2FF2E00CD90BA /* Release */,
			);
			defaultConfigurationIsVisible = 0;
			defaultConfigurationName = Release;
		};
/* End XCConfigurationList section */
	};
	rootObject = 17E0481D28F2FF2B00CD90BA /* Project object */;
}
