// !$*UTF8*$!
{
	archiveVersion = 1;
	classes = {
	};
	objectVersion = 55;
	objects = {

/* Begin PBXBuildFile section */
		79CDF6B628ECC18200364AFC /* AppDelegate.swift in Sources */ = {isa = PBXBuildFile; fileRef = 79CDF6B528ECC18200364AFC /* AppDelegate.swift */; };
		79CDF6B828ECC18200364AFC /* SceneDelegate.swift in Sources */ = {isa = PBXBuildFile; fileRef = 79CDF6B728ECC18200364AFC /* SceneDelegate.swift */; };
		79CDF6BA28ECC18200364AFC /* ViewController.swift in Sources */ = {isa = PBXBuildFile; fileRef = 79CDF6B928ECC18200364AFC /* ViewController.swift */; };
		79CDF6BD28ECC18200364AFC /* Main.storyboard in Resources */ = {isa = PBXBuildFile; fileRef = 79CDF6BB28ECC18200364AFC /* Main.storyboard */; };
		79CDF6BF28ECC18300364AFC /* Assets.xcassets in Resources */ = {isa = PBXBuildFile; fileRef = 79CDF6BE28ECC18300364AFC /* Assets.xcassets */; };
		79CDF6C228ECC18300364AFC /* LaunchScreen.storyboard in Resources */ = {isa = PBXBuildFile; fileRef = 79CDF6C028ECC18300364AFC /* LaunchScreen.storyboard */; };
		79CDF6CA28ECC29600364AFC /* Filmler.swift in Sources */ = {isa = PBXBuildFile; fileRef = 79CDF6C928ECC29600364AFC /* Filmler.swift */; };
		79CDF6CC28ECC48100364AFC /* FilmCollectionViewCell.swift in Sources */ = {isa = PBXBuildFile; fileRef = 79CDF6CB28ECC48100364AFC /* FilmCollectionViewCell.swift */; };
		79CDF6CE28EF3ED100364AFC /* DetayVC.swift in Sources */ = {isa = PBXBuildFile; fileRef = 79CDF6CD28EF3ED100364AFC /* DetayVC.swift */; };
/* End PBXBuildFile section */

/* Begin PBXFileReference section */
		79CDF6B228ECC18200364AFC /* DetayliCollectionView.app */ = {isa = PBXFileReference; explicitFileType = wrapper.application; includeInIndex = 0; path = DetayliCollectionView.app; sourceTree = BUILT_PRODUCTS_DIR; };
		79CDF6B528ECC18200364AFC /* AppDelegate.swift */ = {isa = PBXFileReference; lastKnownFileType = sourcecode.swift; path = AppDelegate.swift; sourceTree = "<group>"; };
		79CDF6B728ECC18200364AFC /* SceneDelegate.swift */ = {isa = PBXFileReference; lastKnownFileType = sourcecode.swift; path = SceneDelegate.swift; sourceTree = "<group>"; };
		79CDF6B928ECC18200364AFC /* ViewController.swift */ = {isa = PBXFileReference; lastKnownFileType = sourcecode.swift; path = ViewController.swift; sourceTree = "<group>"; };
		79CDF6BC28ECC18200364AFC /* Base */ = {isa = PBXFileReference; lastKnownFileType = file.storyboard; name = Base; path = Base.lproj/Main.storyboard; sourceTree = "<group>"; };
		79CDF6BE28ECC18300364AFC /* Assets.xcassets */ = {isa = PBXFileReference; lastKnownFileType = folder.assetcatalog; path = Assets.xcassets; sourceTree = "<group>"; };
		79CDF6C128ECC18300364AFC /* Base */ = {isa = PBXFileReference; lastKnownFileType = file.storyboard; name = Base; path = Base.lproj/LaunchScreen.storyboard; sourceTree = "<group>"; };
		79CDF6C328ECC18300364AFC /* Info.plist */ = {isa = PBXFileReference; lastKnownFileType = text.plist.xml; path = Info.plist; sourceTree = "<group>"; };
		79CDF6C928ECC29600364AFC /* Filmler.swift */ = {isa = PBXFileReference; lastKnownFileType = sourcecode.swift; path = Filmler.swift; sourceTree = "<group>"; };
		79CDF6CB28ECC48100364AFC /* FilmCollectionViewCell.swift */ = {isa = PBXFileReference; lastKnownFileType = sourcecode.swift; path = FilmCollectionViewCell.swift; sourceTree = "<group>"; };
		79CDF6CD28EF3ED100364AFC /* DetayVC.swift */ = {isa = PBXFileReference; lastKnownFileType = sourcecode.swift; path = DetayVC.swift; sourceTree = "<group>"; };
/* End PBXFileReference section */

/* Begin PBXFrameworksBuildPhase section */
		79CDF6AF28ECC18200364AFC /* Frameworks */ = {
			isa = PBXFrameworksBuildPhase;
			buildActionMask = 2147483647;
			files = (
			);
			runOnlyForDeploymentPostprocessing = 0;
		};
/* End PBXFrameworksBuildPhase section */

/* Begin PBXGroup section */
		79CDF6A928ECC18200364AFC = {
			isa = PBXGroup;
			children = (
				79CDF6B428ECC18200364AFC /* DetayliCollectionView */,
				79CDF6B328ECC18200364AFC /* Products */,
			);
			sourceTree = "<group>";
		};
		79CDF6B328ECC18200364AFC /* Products */ = {
			isa = PBXGroup;
			children = (
				79CDF6B228ECC18200364AFC /* DetayliCollectionView.app */,
			);
			name = Products;
			sourceTree = "<group>";
		};
		79CDF6B428ECC18200364AFC /* DetayliCollectionView */ = {
			isa = PBXGroup;
			children = (
				79CDF6B528ECC18200364AFC /* AppDelegate.swift */,
				79CDF6B728ECC18200364AFC /* SceneDelegate.swift */,
				79CDF6B928ECC18200364AFC /* ViewController.swift */,
				79CDF6C928ECC29600364AFC /* Filmler.swift */,
				79CDF6CB28ECC48100364AFC /* FilmCollectionViewCell.swift */,
				79CDF6CD28EF3ED100364AFC /* DetayVC.swift */,
				79CDF6BB28ECC18200364AFC /* Main.storyboard */,
				79CDF6BE28ECC18300364AFC /* Assets.xcassets */,
				79CDF6C028ECC18300364AFC /* LaunchScreen.storyboard */,
				79CDF6C328ECC18300364AFC /* Info.plist */,
			);
			path = DetayliCollectionView;
			sourceTree = "<group>";
		};
/* End PBXGroup section */

/* Begin PBXNativeTarget section */
		79CDF6B128ECC18200364AFC /* DetayliCollectionView */ = {
			isa = PBXNativeTarget;
			buildConfigurationList = 79CDF6C628ECC18300364AFC /* Build configuration list for PBXNativeTarget "DetayliCollectionView" */;
			buildPhases = (
				79CDF6AE28ECC18200364AFC /* Sources */,
				79CDF6AF28ECC18200364AFC /* Frameworks */,
				79CDF6B028ECC18200364AFC /* Resources */,
			);
			buildRules = (
			);
			dependencies = (
			);
			name = DetayliCollectionView;
			productName = DetayliCollectionView;
			productReference = 79CDF6B228ECC18200364AFC /* DetayliCollectionView.app */;
			productType = "com.apple.product-type.application";
		};
/* End PBXNativeTarget section */

/* Begin PBXProject section */
		79CDF6AA28ECC18200364AFC /* Project object */ = {
			isa = PBXProject;
			attributes = {
				BuildIndependentTargetsInParallel = 1;
				LastSwiftUpdateCheck = 1340;
				LastUpgradeCheck = 1340;
				TargetAttributes = {
					79CDF6B128ECC18200364AFC = {
						CreatedOnToolsVersion = 13.4.1;
					};
				};
			};
			buildConfigurationList = 79CDF6AD28ECC18200364AFC /* Build configuration list for PBXProject "DetayliCollectionView" */;
			compatibilityVersion = "Xcode 13.0";
			developmentRegion = en;
			hasScannedForEncodings = 0;
			knownRegions = (
				en,
				Base,
			);
			mainGroup = 79CDF6A928ECC18200364AFC;
			productRefGroup = 79CDF6B328ECC18200364AFC /* Products */;
			projectDirPath = "";
			projectRoot = "";
			targets = (
				79CDF6B128ECC18200364AFC /* DetayliCollectionView */,
			);
		};
/* End PBXProject section */

/* Begin PBXResourcesBuildPhase section */
		79CDF6B028ECC18200364AFC /* Resources */ = {
			isa = PBXResourcesBuildPhase;
			buildActionMask = 2147483647;
			files = (
				79CDF6C228ECC18300364AFC /* LaunchScreen.storyboard in Resources */,
				79CDF6BF28ECC18300364AFC /* Assets.xcassets in Resources */,
				79CDF6BD28ECC18200364AFC /* Main.storyboard in Resources */,
			);
			runOnlyForDeploymentPostprocessing = 0;
		};
/* End PBXResourcesBuildPhase section */

/* Begin PBXSourcesBuildPhase section */
		79CDF6AE28ECC18200364AFC /* Sources */ = {
			isa = PBXSourcesBuildPhase;
			buildActionMask = 2147483647;
			files = (
				79CDF6CE28EF3ED100364AFC /* DetayVC.swift in Sources */,
				79CDF6BA28ECC18200364AFC /* ViewController.swift in Sources */,
				79CDF6CC28ECC48100364AFC /* FilmCollectionViewCell.swift in Sources */,
				79CDF6B628ECC18200364AFC /* AppDelegate.swift in Sources */,
				79CDF6B828ECC18200364AFC /* SceneDelegate.swift in Sources */,
				79CDF6CA28ECC29600364AFC /* Filmler.swift in Sources */,
			);
			runOnlyForDeploymentPostprocessing = 0;
		};
/* End PBXSourcesBuildPhase section */

/* Begin PBXVariantGroup section */
		79CDF6BB28ECC18200364AFC /* Main.storyboard */ = {
			isa = PBXVariantGroup;
			children = (
				79CDF6BC28ECC18200364AFC /* Base */,
			);
			name = Main.storyboard;
			sourceTree = "<group>";
		};
		79CDF6C028ECC18300364AFC /* LaunchScreen.storyboard */ = {
			isa = PBXVariantGroup;
			children = (
				79CDF6C128ECC18300364AFC /* Base */,
			);
			name = LaunchScreen.storyboard;
			sourceTree = "<group>";
		};
/* End PBXVariantGroup section */

/* Begin XCBuildConfiguration section */
		79CDF6C428ECC18300364AFC /* Debug */ = {
			isa = XCBuildConfiguration;
			buildSettings = {
				ALWAYS_SEARCH_USER_PATHS = NO;
				CLANG_ANALYZER_NONNULL = YES;
				CLANG_ANALYZER_NUMBER_OBJECT_CONVERSION = YES_AGGRESSIVE;
				CLANG_CXX_LANGUAGE_STANDARD = "gnu++17";
				CLANG_ENABLE_MODULES = YES;
				CLANG_ENABLE_OBJC_ARC = YES;
				CLANG_ENABLE_OBJC_WEAK = YES;
				CLANG_WARN_BLOCK_CAPTURE_AUTORELEASING = YES;
				CLANG_WARN_BOOL_CONVERSION = YES;
				CLANG_WARN_COMMA = YES;
				CLANG_WARN_CONSTANT_CONVERSION = YES;
				CLANG_WARN_DEPRECATED_OBJC_IMPLEMENTATIONS = YES;
				CLANG_WARN_DIRECT_OBJC_ISA_USAGE = YES_ERROR;
				CLANG_WARN_DOCUMENTATION_COMMENTS = YES;
				CLANG_WARN_EMPTY_BODY = YES;
				CLANG_WARN_ENUM_CONVERSION = YES;
				CLANG_WARN_INFINITE_RECURSION = YES;
				CLANG_WARN_INT_CONVERSION = YES;
				CLANG_WARN_NON_LITERAL_NULL_CONVERSION = YES;
				CLANG_WARN_OBJC_IMPLICIT_RETAIN_SELF = YES;
				CLANG_WARN_OBJC_LITERAL_CONVERSION = YES;
				CLANG_WARN_OBJC_ROOT_CLASS = YES_ERROR;
				CLANG_WARN_QUOTED_INCLUDE_IN_FRAMEWORK_HEADER = YES;
				CLANG_WARN_RANGE_LOOP_ANALYSIS = YES;
				CLANG_WARN_STRICT_PROTOTYPES = YES;
				CLANG_WARN_SUSPICIOUS_MOVE = YES;
				CLANG_WARN_UNGUARDED_AVAILABILITY = YES_AGGRESSIVE;
				CLANG_WARN_UNREACHABLE_CODE = YES;
				CLANG_WARN__DUPLICATE_METHOD_MATCH = YES;
				COPY_PHASE_STRIP = NO;
				DEBUG_INFORMATION_FORMAT = dwarf;
				ENABLE_STRICT_OBJC_MSGSEND = YES;
				ENABLE_TESTABILITY = YES;
				GCC_C_LANGUAGE_STANDARD = gnu11;
				GCC_DYNAMIC_NO_PIC = NO;
				GCC_NO_COMMON_BLOCKS = YES;
				GCC_OPTIMIZATION_LEVEL = 0;
				GCC_PREPROCESSOR_DEFINITIONS = (
					"DEBUG=1",
					"$(inherited)",
				);
				GCC_WARN_64_TO_32_BIT_CONVERSION = YES;
				GCC_WARN_ABOUT_RETURN_TYPE = YES_ERROR;
				GCC_WARN_UNDECLARED_SELECTOR = YES;
				GCC_WARN_UNINITIALIZED_AUTOS = YES_AGGRESSIVE;
				GCC_WARN_UNUSED_FUNCTION = YES;
				GCC_WARN_UNUSED_VARIABLE = YES;
				IPHONEOS_DEPLOYMENT_TARGET = 15.5;
				MTL_ENABLE_DEBUG_INFO = INCLUDE_SOURCE;
				MTL_FAST_MATH = YES;
				ONLY_ACTIVE_ARCH = YES;
				SDKROOT = iphoneos;
				SWIFT_ACTIVE_COMPILATION_CONDITIONS = DEBUG;
				SWIFT_OPTIMIZATION_LEVEL = "-Onone";
			};
			name = Debug;
		};
		79CDF6C528ECC18300364AFC /* Release */ = {
			isa = XCBuildConfiguration;
			buildSettings = {
				ALWAYS_SEARCH_USER_PATHS = NO;
				CLANG_ANALYZER_NONNULL = YES;
				CLANG_ANALYZER_NUMBER_OBJECT_CONVERSION = YES_AGGRESSIVE;
				CLANG_CXX_LANGUAGE_STANDARD = "gnu++17";
				CLANG_ENABLE_MODULES = YES;
				CLANG_ENABLE_OBJC_ARC = YES;
				CLANG_ENABLE_OBJC_WEAK = YES;
				CLANG_WARN_BLOCK_CAPTURE_AUTORELEASING = YES;
				CLANG_WARN_BOOL_CONVERSION = YES;
				CLANG_WARN_COMMA = YES;
				CLANG_WARN_CONSTANT_CONVERSION = YES;
				CLANG_WARN_DEPRECATED_OBJC_IMPLEMENTATIONS = YES;
				CLANG_WARN_DIRECT_OBJC_ISA_USAGE = YES_ERROR;
				CLANG_WARN_DOCUMENTATION_COMMENTS = YES;
				CLANG_WARN_EMPTY_BODY = YES;
				CLANG_WARN_ENUM_CONVERSION = YES;
				CLANG_WARN_INFINITE_RECURSION = YES;
				CLANG_WARN_INT_CONVERSION = YES;
				CLANG_WARN_NON_LITERAL_NULL_CONVERSION = YES;
				CLANG_WARN_OBJC_IMPLICIT_RETAIN_SELF = YES;
				CLANG_WARN_OBJC_LITERAL_CONVERSION = YES;
				CLANG_WARN_OBJC_ROOT_CLASS = YES_ERROR;
				CLANG_WARN_QUOTED_INCLUDE_IN_FRAMEWORK_HEADER = YES;
				CLANG_WARN_RANGE_LOOP_ANALYSIS = YES;
				CLANG_WARN_STRICT_PROTOTYPES = YES;
				CLANG_WARN_SUSPICIOUS_MOVE = YES;
				CLANG_WARN_UNGUARDED_AVAILABILITY = YES_AGGRESSIVE;
				CLANG_WARN_UNREACHABLE_CODE = YES;
				CLANG_WARN__DUPLICATE_METHOD_MATCH = YES;
				COPY_PHASE_STRIP = NO;
				DEBUG_INFORMATION_FORMAT = "dwarf-with-dsym";
				ENABLE_NS_ASSERTIONS = NO;
				ENABLE_STRICT_OBJC_MSGSEND = YES;
				GCC_C_LANGUAGE_STANDARD = gnu11;
				GCC_NO_COMMON_BLOCKS = YES;
				GCC_WARN_64_TO_32_BIT_CONVERSION = YES;
				GCC_WARN_ABOUT_RETURN_TYPE = YES_ERROR;
				GCC_WARN_UNDECLARED_SELECTOR = YES;
				GCC_WARN_UNINITIALIZED_AUTOS = YES_AGGRESSIVE;
				GCC_WARN_UNUSED_FUNCTION = YES;
				GCC_WARN_UNUSED_VARIABLE = YES;
				IPHONEOS_DEPLOYMENT_TARGET = 15.5;
				MTL_ENABLE_DEBUG_INFO = NO;
				MTL_FAST_MATH = YES;
				SDKROOT = iphoneos;
				SWIFT_COMPILATION_MODE = wholemodule;
				SWIFT_OPTIMIZATION_LEVEL = "-O";
				VALIDATE_PRODUCT = YES;
			};
			name = Release;
		};
		79CDF6C728ECC18300364AFC /* Debug */ = {
			isa = XCBuildConfiguration;
			buildSettings = {
				ASSETCATALOG_COMPILER_APPICON_NAME = AppIcon;
				ASSETCATALOG_COMPILER_GLOBAL_ACCENT_COLOR_NAME = AccentColor;
				CODE_SIGN_STYLE = Automatic;
				CURRENT_PROJECT_VERSION = 1;
				GENERATE_INFOPLIST_FILE = YES;
				INFOPLIST_FILE = DetayliCollectionView/Info.plist;
				INFOPLIST_KEY_UIApplicationSupportsIndirectInputEvents = YES;
				INFOPLIST_KEY_UILaunchStoryboardName = LaunchScreen;
				INFOPLIST_KEY_UIMainStoryboardFile = Main;
				INFOPLIST_KEY_UISupportedInterfaceOrientations_iPad = "UIInterfaceOrientationPortrait UIInterfaceOrientationPortraitUpsideDown UIInterfaceOrientationLandscapeLeft UIInterfaceOrientationLandscapeRight";
				INFOPLIST_KEY_UISupportedInterfaceOrientations_iPhone = "UIInterfaceOrientationPortrait UIInterfaceOrientationLandscapeLeft UIInterfaceOrientationLandscapeRight";
				LD_RUNPATH_SEARCH_PATHS = (
					"$(inherited)",
					"@executable_path/Frameworks",
				);
				MARKETING_VERSION = 1.0;
				PRODUCT_BUNDLE_IDENTIFIER = com.info.DetayliCollectionView;
				PRODUCT_NAME = "$(TARGET_NAME)";
				SWIFT_EMIT_LOC_STRINGS = YES;
				SWIFT_VERSION = 5.0;
				TARGETED_DEVICE_FAMILY = "1,2";
			};
			name = Debug;
		};
		79CDF6C828ECC18300364AFC /* Release */ = {
			isa = XCBuildConfiguration;
			buildSettings = {
				ASSETCATALOG_COMPILER_APPICON_NAME = AppIcon;
				ASSETCATALOG_COMPILER_GLOBAL_ACCENT_COLOR_NAME = AccentColor;
				CODE_SIGN_STYLE = Automatic;
				CURRENT_PROJECT_VERSION = 1;
				GENERATE_INFOPLIST_FILE = YES;
				INFOPLIST_FILE = DetayliCollectionView/Info.plist;
				INFOPLIST_KEY_UIApplicationSupportsIndirectInputEvents = YES;
				INFOPLIST_KEY_UILaunchStoryboardName = LaunchScreen;
				INFOPLIST_KEY_UIMainStoryboardFile = Main;
				INFOPLIST_KEY_UISupportedInterfaceOrientations_iPad = "UIInterfaceOrientationPortrait UIInterfaceOrientationPortraitUpsideDown UIInterfaceOrientationLandscapeLeft UIInterfaceOrientationLandscapeRight";
				INFOPLIST_KEY_UISupportedInterfaceOrientations_iPhone = "UIInterfaceOrientationPortrait UIInterfaceOrientationLandscapeLeft UIInterfaceOrientationLandscapeRight";
				LD_RUNPATH_SEARCH_PATHS = (
					"$(inherited)",
					"@executable_path/Frameworks",
				);
				MARKETING_VERSION = 1.0;
				PRODUCT_BUNDLE_IDENTIFIER = com.info.DetayliCollectionView;
				PRODUCT_NAME = "$(TARGET_NAME)";
				SWIFT_EMIT_LOC_STRINGS = YES;
				SWIFT_VERSION = 5.0;
				TARGETED_DEVICE_FAMILY = "1,2";
			};
			name = Release;
		};
/* End XCBuildConfiguration section */

/* Begin XCConfigurationList section */
		79CDF6AD28ECC18200364AFC /* Build configuration list for PBXProject "DetayliCollectionView" */ = {
			isa = XCConfigurationList;
			buildConfigurations = (
				79CDF6C428ECC18300364AFC /* Debug */,
				79CDF6C528ECC18300364AFC /* Release */,
			);
			defaultConfigurationIsVisible = 0;
			defaultConfigurationName = Release;
		};
		79CDF6C628ECC18300364AFC /* Build configuration list for PBXNativeTarget "DetayliCollectionView" */ = {
			isa = XCConfigurationList;
			buildConfigurations = (
				79CDF6C728ECC18300364AFC /* Debug */,
				79CDF6C828ECC18300364AFC /* Release */,
			);
			defaultConfigurationIsVisible = 0;
			defaultConfigurationName = Release;
		};
/* End XCConfigurationList section */
	};
	rootObject = 79CDF6AA28ECC18200364AFC /* Project object */;
}
