// !$*UTF8*$!
{
	archiveVersion = 1;
	classes = {
	};
	objectVersion = 55;
	objects = {

/* Begin PBXBuildFile section */
		1725F02728F332D7001D2149 /* AnasayfaPresenter.swift in Sources */ = {isa = PBXBuildFile; fileRef = 1725F02628F332D7001D2149 /* AnasayfaPresenter.swift */; };
		1725F02928F332F9001D2149 /* AnasayfaInteractor.swift in Sources */ = {isa = PBXBuildFile; fileRef = 1725F02828F332F9001D2149 /* AnasayfaInteractor.swift */; };
		1725F02B28F33302001D2149 /* AnasayfaRouter.swift in Sources */ = {isa = PBXBuildFile; fileRef = 1725F02A28F33302001D2149 /* AnasayfaRouter.swift */; };
		1725F02D28F33326001D2149 /* AnasayfaProtocols.swift in Sources */ = {isa = PBXBuildFile; fileRef = 1725F02C28F33326001D2149 /* AnasayfaProtocols.swift */; };
		1725F03828F3369B001D2149 /* KisiKayitPresenter.swift in Sources */ = {isa = PBXBuildFile; fileRef = 1725F03728F3369B001D2149 /* KisiKayitPresenter.swift */; };
		1725F03B28F336AF001D2149 /* KisiKayitInteractor.swift in Sources */ = {isa = PBXBuildFile; fileRef = 1725F03A28F336AF001D2149 /* KisiKayitInteractor.swift */; };
		1725F03D28F336CF001D2149 /* KisiKayitRouter.swift in Sources */ = {isa = PBXBuildFile; fileRef = 1725F03C28F336CF001D2149 /* KisiKayitRouter.swift */; };
		1725F04528F3375C001D2149 /* KisiDetayPresenter.swift in Sources */ = {isa = PBXBuildFile; fileRef = 1725F04428F3375C001D2149 /* KisiDetayPresenter.swift */; };
		1725F04728F33770001D2149 /* KisiDetayInteractor.swift in Sources */ = {isa = PBXBuildFile; fileRef = 1725F04628F33770001D2149 /* KisiDetayInteractor.swift */; };
		1725F04928F33783001D2149 /* KisiDetayRouter.swift in Sources */ = {isa = PBXBuildFile; fileRef = 1725F04828F33783001D2149 /* KisiDetayRouter.swift */; };
		1725F04B28F337B3001D2149 /* KisiDetayProtocols.swift in Sources */ = {isa = PBXBuildFile; fileRef = 1725F04A28F337B3001D2149 /* KisiDetayProtocols.swift */; };
		1725F04D28F3386C001D2149 /* KisiKayitProtocols.swift in Sources */ = {isa = PBXBuildFile; fileRef = 1725F04C28F3386C001D2149 /* KisiKayitProtocols.swift */; };
		1725F07C28F359EF001D2149 /* FMDatabase.m in Sources */ = {isa = PBXBuildFile; fileRef = 1725F07228F359EF001D2149 /* FMDatabase.m */; };
		1725F07D28F359EF001D2149 /* FMResultSet.m in Sources */ = {isa = PBXBuildFile; fileRef = 1725F07428F359EF001D2149 /* FMResultSet.m */; };
		1725F07E28F359EF001D2149 /* FMDatabasePool.m in Sources */ = {isa = PBXBuildFile; fileRef = 1725F07628F359EF001D2149 /* FMDatabasePool.m */; };
		1725F07F28F359EF001D2149 /* FMDatabaseAdditions.m in Sources */ = {isa = PBXBuildFile; fileRef = 1725F07728F359EF001D2149 /* FMDatabaseAdditions.m */; };
		1725F08028F359EF001D2149 /* FMDatabaseQueue.m in Sources */ = {isa = PBXBuildFile; fileRef = 1725F07B28F359EF001D2149 /* FMDatabaseQueue.m */; };
		172CA78B28EC98B500522A7B /* TableViewHucre.swift in Sources */ = {isa = PBXBuildFile; fileRef = 172CA78A28EC98B500522A7B /* TableViewHucre.swift */; };
		17C8C6DF28EA136A0011161E /* AppDelegate.swift in Sources */ = {isa = PBXBuildFile; fileRef = 17C8C6DE28EA136A0011161E /* AppDelegate.swift */; };
		17C8C6E128EA136A0011161E /* SceneDelegate.swift in Sources */ = {isa = PBXBuildFile; fileRef = 17C8C6E028EA136A0011161E /* SceneDelegate.swift */; };
		17C8C6E328EA136A0011161E /* AnasayfaVC.swift in Sources */ = {isa = PBXBuildFile; fileRef = 17C8C6E228EA136A0011161E /* AnasayfaVC.swift */; };
		17C8C6E628EA136A0011161E /* Main.storyboard in Resources */ = {isa = PBXBuildFile; fileRef = 17C8C6E428EA136A0011161E /* Main.storyboard */; };
		17C8C6E828EA136B0011161E /* Assets.xcassets in Resources */ = {isa = PBXBuildFile; fileRef = 17C8C6E728EA136B0011161E /* Assets.xcassets */; };
		17C8C6EB28EA136B0011161E /* LaunchScreen.storyboard in Resources */ = {isa = PBXBuildFile; fileRef = 17C8C6E928EA136B0011161E /* LaunchScreen.storyboard */; };
		17C8C6F328EA14FB0011161E /* KisiKayitVC.swift in Sources */ = {isa = PBXBuildFile; fileRef = 17C8C6F228EA14FB0011161E /* KisiKayitVC.swift */; };
		17C8C6F528EA151D0011161E /* KisiDetayVC.swift in Sources */ = {isa = PBXBuildFile; fileRef = 17C8C6F428EA151D0011161E /* KisiDetayVC.swift */; };
		17C8C6F728EA1E7A0011161E /* Kisiler.swift in Sources */ = {isa = PBXBuildFile; fileRef = 17C8C6F628EA1E7A0011161E /* Kisiler.swift */; };
		17D25AFD28F5D11D0082E7FA /* rehber.db in Resources */ = {isa = PBXBuildFile; fileRef = 17D25AFC28F5D11D0082E7FA /* rehber.db */; };
/* End PBXBuildFile section */

/* Begin PBXFileReference section */
		1725F02628F332D7001D2149 /* AnasayfaPresenter.swift */ = {isa = PBXFileReference; lastKnownFileType = sourcecode.swift; path = AnasayfaPresenter.swift; sourceTree = "<group>"; };
		1725F02828F332F9001D2149 /* AnasayfaInteractor.swift */ = {isa = PBXFileReference; lastKnownFileType = sourcecode.swift; path = AnasayfaInteractor.swift; sourceTree = "<group>"; };
		1725F02A28F33302001D2149 /* AnasayfaRouter.swift */ = {isa = PBXFileReference; lastKnownFileType = sourcecode.swift; path = AnasayfaRouter.swift; sourceTree = "<group>"; };
		1725F02C28F33326001D2149 /* AnasayfaProtocols.swift */ = {isa = PBXFileReference; lastKnownFileType = sourcecode.swift; path = AnasayfaProtocols.swift; sourceTree = "<group>"; };
		1725F03728F3369B001D2149 /* KisiKayitPresenter.swift */ = {isa = PBXFileReference; lastKnownFileType = sourcecode.swift; path = KisiKayitPresenter.swift; sourceTree = "<group>"; };
		1725F03A28F336AF001D2149 /* KisiKayitInteractor.swift */ = {isa = PBXFileReference; lastKnownFileType = sourcecode.swift; path = KisiKayitInteractor.swift; sourceTree = "<group>"; };
		1725F03C28F336CF001D2149 /* KisiKayitRouter.swift */ = {isa = PBXFileReference; lastKnownFileType = sourcecode.swift; path = KisiKayitRouter.swift; sourceTree = "<group>"; };
		1725F04428F3375C001D2149 /* KisiDetayPresenter.swift */ = {isa = PBXFileReference; lastKnownFileType = sourcecode.swift; path = KisiDetayPresenter.swift; sourceTree = "<group>"; };
		1725F04628F33770001D2149 /* KisiDetayInteractor.swift */ = {isa = PBXFileReference; lastKnownFileType = sourcecode.swift; path = KisiDetayInteractor.swift; sourceTree = "<group>"; };
		1725F04828F33783001D2149 /* KisiDetayRouter.swift */ = {isa = PBXFileReference; lastKnownFileType = sourcecode.swift; path = KisiDetayRouter.swift; sourceTree = "<group>"; };
		1725F04A28F337B3001D2149 /* KisiDetayProtocols.swift */ = {isa = PBXFileReference; lastKnownFileType = sourcecode.swift; path = KisiDetayProtocols.swift; sourceTree = "<group>"; };
		1725F04C28F3386C001D2149 /* KisiKayitProtocols.swift */ = {isa = PBXFileReference; lastKnownFileType = sourcecode.swift; path = KisiKayitProtocols.swift; sourceTree = "<group>"; };
		1725F06F28F35981001D2149 /* libsqlite3.tbd */ = {isa = PBXFileReference; lastKnownFileType = "sourcecode.text-based-dylib-definition"; name = libsqlite3.tbd; path = usr/lib/libsqlite3.tbd; sourceTree = SDKROOT; };
		1725F07028F359EE001D2149 /* KisilerUygulamasi-Bridging-Header.h */ = {isa = PBXFileReference; lastKnownFileType = sourcecode.c.h; path = "KisilerUygulamasi-Bridging-Header.h"; sourceTree = "<group>"; };
		1725F07128F359EF001D2149 /* FMDB.h */ = {isa = PBXFileReference; fileEncoding = 4; lastKnownFileType = sourcecode.c.h; path = FMDB.h; sourceTree = "<group>"; };
		1725F07228F359EF001D2149 /* FMDatabase.m */ = {isa = PBXFileReference; fileEncoding = 4; lastKnownFileType = sourcecode.c.objc; path = FMDatabase.m; sourceTree = "<group>"; };
		1725F07328F359EF001D2149 /* FMDatabaseAdditions.h */ = {isa = PBXFileReference; fileEncoding = 4; lastKnownFileType = sourcecode.c.h; path = FMDatabaseAdditions.h; sourceTree = "<group>"; };
		1725F07428F359EF001D2149 /* FMResultSet.m */ = {isa = PBXFileReference; fileEncoding = 4; lastKnownFileType = sourcecode.c.objc; path = FMResultSet.m; sourceTree = "<group>"; };
		1725F07528F359EF001D2149 /* FMDatabasePool.h */ = {isa = PBXFileReference; fileEncoding = 4; lastKnownFileType = sourcecode.c.h; path = FMDatabasePool.h; sourceTree = "<group>"; };
		1725F07628F359EF001D2149 /* FMDatabasePool.m */ = {isa = PBXFileReference; fileEncoding = 4; lastKnownFileType = sourcecode.c.objc; path = FMDatabasePool.m; sourceTree = "<group>"; };
		1725F07728F359EF001D2149 /* FMDatabaseAdditions.m */ = {isa = PBXFileReference; fileEncoding = 4; lastKnownFileType = sourcecode.c.objc; path = FMDatabaseAdditions.m; sourceTree = "<group>"; };
		1725F07828F359EF001D2149 /* FMResultSet.h */ = {isa = PBXFileReference; fileEncoding = 4; lastKnownFileType = sourcecode.c.h; path = FMResultSet.h; sourceTree = "<group>"; };
		1725F07928F359EF001D2149 /* FMDatabase.h */ = {isa = PBXFileReference; fileEncoding = 4; lastKnownFileType = sourcecode.c.h; path = FMDatabase.h; sourceTree = "<group>"; };
		1725F07A28F359EF001D2149 /* FMDatabaseQueue.h */ = {isa = PBXFileReference; fileEncoding = 4; lastKnownFileType = sourcecode.c.h; path = FMDatabaseQueue.h; sourceTree = "<group>"; };
		1725F07B28F359EF001D2149 /* FMDatabaseQueue.m */ = {isa = PBXFileReference; fileEncoding = 4; lastKnownFileType = sourcecode.c.objc; path = FMDatabaseQueue.m; sourceTree = "<group>"; };
		172CA78A28EC98B500522A7B /* TableViewHucre.swift */ = {isa = PBXFileReference; lastKnownFileType = sourcecode.swift; path = TableViewHucre.swift; sourceTree = "<group>"; };
		17C8C6DB28EA136A0011161E /* KisilerUygulamasi.app */ = {isa = PBXFileReference; explicitFileType = wrapper.application; includeInIndex = 0; path = KisilerUygulamasi.app; sourceTree = BUILT_PRODUCTS_DIR; };
		17C8C6DE28EA136A0011161E /* AppDelegate.swift */ = {isa = PBXFileReference; lastKnownFileType = sourcecode.swift; path = AppDelegate.swift; sourceTree = "<group>"; };
		17C8C6E028EA136A0011161E /* SceneDelegate.swift */ = {isa = PBXFileReference; lastKnownFileType = sourcecode.swift; path = SceneDelegate.swift; sourceTree = "<group>"; };
		17C8C6E228EA136A0011161E /* AnasayfaVC.swift */ = {isa = PBXFileReference; lastKnownFileType = sourcecode.swift; path = AnasayfaVC.swift; sourceTree = "<group>"; };
		17C8C6E528EA136A0011161E /* Base */ = {isa = PBXFileReference; lastKnownFileType = file.storyboard; name = Base; path = Base.lproj/Main.storyboard; sourceTree = "<group>"; };
		17C8C6E728EA136B0011161E /* Assets.xcassets */ = {isa = PBXFileReference; lastKnownFileType = folder.assetcatalog; path = Assets.xcassets; sourceTree = "<group>"; };
		17C8C6EA28EA136B0011161E /* Base */ = {isa = PBXFileReference; lastKnownFileType = file.storyboard; name = Base; path = Base.lproj/LaunchScreen.storyboard; sourceTree = "<group>"; };
		17C8C6EC28EA136B0011161E /* Info.plist */ = {isa = PBXFileReference; lastKnownFileType = text.plist.xml; path = Info.plist; sourceTree = "<group>"; };
		17C8C6F228EA14FB0011161E /* KisiKayitVC.swift */ = {isa = PBXFileReference; lastKnownFileType = sourcecode.swift; path = KisiKayitVC.swift; sourceTree = "<group>"; };
		17C8C6F428EA151D0011161E /* KisiDetayVC.swift */ = {isa = PBXFileReference; lastKnownFileType = sourcecode.swift; path = KisiDetayVC.swift; sourceTree = "<group>"; };
		17C8C6F628EA1E7A0011161E /* Kisiler.swift */ = {isa = PBXFileReference; lastKnownFileType = sourcecode.swift; path = Kisiler.swift; sourceTree = "<group>"; };
		17D25AFC28F5D11D0082E7FA /* rehber.db */ = {isa = PBXFileReference; lastKnownFileType = file; path = rehber.db; sourceTree = "<group>"; };
/* End PBXFileReference section */

/* Begin PBXFrameworksBuildPhase section */
		17C8C6D828EA136A0011161E /* Frameworks */ = {
			isa = PBXFrameworksBuildPhase;
			buildActionMask = 2147483647;
			files = (
			);
			runOnlyForDeploymentPostprocessing = 0;
		};
/* End PBXFrameworksBuildPhase section */

/* Begin PBXGroup section */
		1725F01F28F33259001D2149 /* anasayfa-module */ = {
			isa = PBXGroup;
			children = (
				1725F02528F33289001D2149 /* tableview */,
				1725F02428F33283001D2149 /* protocols */,
				1725F02328F3327D001D2149 /* router */,
				1725F02228F33273001D2149 /* interactor */,
				1725F02128F3326E001D2149 /* presenter */,
				1725F02028F3326A001D2149 /* view */,
			);
			path = "anasayfa-module";
			sourceTree = "<group>";
		};
		1725F02028F3326A001D2149 /* view */ = {
			isa = PBXGroup;
			children = (
				17C8C6E228EA136A0011161E /* AnasayfaVC.swift */,
			);
			path = view;
			sourceTree = "<group>";
		};
		1725F02128F3326E001D2149 /* presenter */ = {
			isa = PBXGroup;
			children = (
				1725F02628F332D7001D2149 /* AnasayfaPresenter.swift */,
			);
			path = presenter;
			sourceTree = "<group>";
		};
		1725F02228F33273001D2149 /* interactor */ = {
			isa = PBXGroup;
			children = (
				1725F02828F332F9001D2149 /* AnasayfaInteractor.swift */,
			);
			path = interactor;
			sourceTree = "<group>";
		};
		1725F02328F3327D001D2149 /* router */ = {
			isa = PBXGroup;
			children = (
				1725F02A28F33302001D2149 /* AnasayfaRouter.swift */,
			);
			path = router;
			sourceTree = "<group>";
		};
		1725F02428F33283001D2149 /* protocols */ = {
			isa = PBXGroup;
			children = (
				1725F02C28F33326001D2149 /* AnasayfaProtocols.swift */,
			);
			path = protocols;
			sourceTree = "<group>";
		};
		1725F02528F33289001D2149 /* tableview */ = {
			isa = PBXGroup;
			children = (
				172CA78A28EC98B500522A7B /* TableViewHucre.swift */,
			);
			path = tableview;
			sourceTree = "<group>";
		};
		1725F02E28F33366001D2149 /* entity */ = {
			isa = PBXGroup;
			children = (
				17C8C6F628EA1E7A0011161E /* Kisiler.swift */,
			);
			path = entity;
			sourceTree = "<group>";
		};
		1725F02F28F33642001D2149 /* KisiKayit-Module */ = {
			isa = PBXGroup;
			children = (
				1725F03628F33681001D2149 /* protocols */,
				1725F03528F3367B001D2149 /* router */,
				1725F03428F33672001D2149 /* interactor */,
				1725F03328F3366C001D2149 /* presenter */,
				1725F03228F33665001D2149 /* view */,
			);
			path = "KisiKayit-Module";
			sourceTree = "<group>";
		};
		1725F03228F33665001D2149 /* view */ = {
			isa = PBXGroup;
			children = (
				17C8C6F228EA14FB0011161E /* KisiKayitVC.swift */,
			);
			path = view;
			sourceTree = "<group>";
		};
		1725F03328F3366C001D2149 /* presenter */ = {
			isa = PBXGroup;
			children = (
				1725F03728F3369B001D2149 /* KisiKayitPresenter.swift */,
			);
			path = presenter;
			sourceTree = "<group>";
		};
		1725F03428F33672001D2149 /* interactor */ = {
			isa = PBXGroup;
			children = (
				1725F03A28F336AF001D2149 /* KisiKayitInteractor.swift */,
			);
			path = interactor;
			sourceTree = "<group>";
		};
		1725F03528F3367B001D2149 /* router */ = {
			isa = PBXGroup;
			children = (
				1725F03C28F336CF001D2149 /* KisiKayitRouter.swift */,
			);
			path = router;
			sourceTree = "<group>";
		};
		1725F03628F33681001D2149 /* protocols */ = {
			isa = PBXGroup;
			children = (
				1725F04C28F3386C001D2149 /* KisiKayitProtocols.swift */,
			);
			path = protocols;
			sourceTree = "<group>";
		};
		1725F03E28F3372A001D2149 /* KisiDetay-Module */ = {
			isa = PBXGroup;
			children = (
				1725F04328F3374A001D2149 /* protocols */,
				1725F04228F33746001D2149 /* router */,
				1725F04128F3373E001D2149 /* interactor */,
				1725F04028F33738001D2149 /* presenter */,
				1725F03F28F33734001D2149 /* view */,
			);
			path = "KisiDetay-Module";
			sourceTree = "<group>";
		};
		1725F03F28F33734001D2149 /* view */ = {
			isa = PBXGroup;
			children = (
				17C8C6F428EA151D0011161E /* KisiDetayVC.swift */,
			);
			path = view;
			sourceTree = "<group>";
		};
		1725F04028F33738001D2149 /* presenter */ = {
			isa = PBXGroup;
			children = (
				1725F04428F3375C001D2149 /* KisiDetayPresenter.swift */,
			);
			path = presenter;
			sourceTree = "<group>";
		};
		1725F04128F3373E001D2149 /* interactor */ = {
			isa = PBXGroup;
			children = (
				1725F04628F33770001D2149 /* KisiDetayInteractor.swift */,
			);
			path = interactor;
			sourceTree = "<group>";
		};
		1725F04228F33746001D2149 /* router */ = {
			isa = PBXGroup;
			children = (
				1725F04828F33783001D2149 /* KisiDetayRouter.swift */,
			);
			path = router;
			sourceTree = "<group>";
		};
		1725F04328F3374A001D2149 /* protocols */ = {
			isa = PBXGroup;
			children = (
				1725F04A28F337B3001D2149 /* KisiDetayProtocols.swift */,
			);
			path = protocols;
			sourceTree = "<group>";
		};
		1725F06E28F35981001D2149 /* Frameworks */ = {
			isa = PBXGroup;
			children = (
				1725F06F28F35981001D2149 /* libsqlite3.tbd */,
			);
			name = Frameworks;
			sourceTree = "<group>";
		};
		17C8C6D228EA136A0011161E = {
			isa = PBXGroup;
			children = (
				17C8C6DD28EA136A0011161E /* KisilerUygulamasi */,
				17C8C6DC28EA136A0011161E /* Products */,
				1725F06E28F35981001D2149 /* Frameworks */,
			);
			sourceTree = "<group>";
		};
		17C8C6DC28EA136A0011161E /* Products */ = {
			isa = PBXGroup;
			children = (
				17C8C6DB28EA136A0011161E /* KisilerUygulamasi.app */,
			);
			name = Products;
			sourceTree = "<group>";
		};
		17C8C6DD28EA136A0011161E /* KisilerUygulamasi */ = {
			isa = PBXGroup;
			children = (
				17C8C6DE28EA136A0011161E /* AppDelegate.swift */,
				17C8C6E028EA136A0011161E /* SceneDelegate.swift */,
				1725F03E28F3372A001D2149 /* KisiDetay-Module */,
				1725F02F28F33642001D2149 /* KisiKayit-Module */,
				1725F02E28F33366001D2149 /* entity */,
				1725F01F28F33259001D2149 /* anasayfa-module */,
				17C8C6E428EA136A0011161E /* Main.storyboard */,
				17C8C6E728EA136B0011161E /* Assets.xcassets */,
				17C8C6E928EA136B0011161E /* LaunchScreen.storyboard */,
				17C8C6EC28EA136B0011161E /* Info.plist */,
				17D25AFC28F5D11D0082E7FA /* rehber.db */,
				1725F07928F359EF001D2149 /* FMDatabase.h */,
				1725F07228F359EF001D2149 /* FMDatabase.m */,
				1725F07328F359EF001D2149 /* FMDatabaseAdditions.h */,
				1725F07728F359EF001D2149 /* FMDatabaseAdditions.m */,
				1725F07528F359EF001D2149 /* FMDatabasePool.h */,
				1725F07628F359EF001D2149 /* FMDatabasePool.m */,
				1725F07A28F359EF001D2149 /* FMDatabaseQueue.h */,
				1725F07B28F359EF001D2149 /* FMDatabaseQueue.m */,
				1725F07128F359EF001D2149 /* FMDB.h */,
				1725F07828F359EF001D2149 /* FMResultSet.h */,
				1725F07428F359EF001D2149 /* FMResultSet.m */,
				1725F07028F359EE001D2149 /* KisilerUygulamasi-Bridging-Header.h */,
			);
			path = KisilerUygulamasi;
			sourceTree = "<group>";
		};
/* End PBXGroup section */

/* Begin PBXNativeTarget section */
		17C8C6DA28EA136A0011161E /* KisilerUygulamasi */ = {
			isa = PBXNativeTarget;
			buildConfigurationList = 17C8C6EF28EA136B0011161E /* Build configuration list for PBXNativeTarget "KisilerUygulamasi" */;
			buildPhases = (
				17C8C6D728EA136A0011161E /* Sources */,
				17C8C6D828EA136A0011161E /* Frameworks */,
				17C8C6D928EA136A0011161E /* Resources */,
			);
			buildRules = (
			);
			dependencies = (
			);
			name = KisilerUygulamasi;
			productName = KisilerUygulamasi;
			productReference = 17C8C6DB28EA136A0011161E /* KisilerUygulamasi.app */;
			productType = "com.apple.product-type.application";
		};
/* End PBXNativeTarget section */

/* Begin PBXProject section */
		17C8C6D328EA136A0011161E /* Project object */ = {
			isa = PBXProject;
			attributes = {
				BuildIndependentTargetsInParallel = 1;
				LastSwiftUpdateCheck = 1330;
				LastUpgradeCheck = 1330;
				TargetAttributes = {
					17C8C6DA28EA136A0011161E = {
						CreatedOnToolsVersion = 13.3.1;
						LastSwiftMigration = 1330;
					};
				};
			};
			buildConfigurationList = 17C8C6D628EA136A0011161E /* Build configuration list for PBXProject "KisilerUygulamasi" */;
			compatibilityVersion = "Xcode 13.0";
			developmentRegion = en;
			hasScannedForEncodings = 0;
			knownRegions = (
				en,
				Base,
			);
			mainGroup = 17C8C6D228EA136A0011161E;
			productRefGroup = 17C8C6DC28EA136A0011161E /* Products */;
			projectDirPath = "";
			projectRoot = "";
			targets = (
				17C8C6DA28EA136A0011161E /* KisilerUygulamasi */,
			);
		};
/* End PBXProject section */

/* Begin PBXResourcesBuildPhase section */
		17C8C6D928EA136A0011161E /* Resources */ = {
			isa = PBXResourcesBuildPhase;
			buildActionMask = 2147483647;
			files = (
				17C8C6EB28EA136B0011161E /* LaunchScreen.storyboard in Resources */,
				17D25AFD28F5D11D0082E7FA /* rehber.db in Resources */,
				17C8C6E828EA136B0011161E /* Assets.xcassets in Resources */,
				17C8C6E628EA136A0011161E /* Main.storyboard in Resources */,
			);
			runOnlyForDeploymentPostprocessing = 0;
		};
/* End PBXResourcesBuildPhase section */

/* Begin PBXSourcesBuildPhase section */
		17C8C6D728EA136A0011161E /* Sources */ = {
			isa = PBXSourcesBuildPhase;
			buildActionMask = 2147483647;
			files = (
				1725F03B28F336AF001D2149 /* KisiKayitInteractor.swift in Sources */,
				1725F03D28F336CF001D2149 /* KisiKayitRouter.swift in Sources */,
				1725F02D28F33326001D2149 /* AnasayfaProtocols.swift in Sources */,
				1725F07C28F359EF001D2149 /* FMDatabase.m in Sources */,
				1725F03828F3369B001D2149 /* KisiKayitPresenter.swift in Sources */,
				1725F07E28F359EF001D2149 /* FMDatabasePool.m in Sources */,
				1725F04928F33783001D2149 /* KisiDetayRouter.swift in Sources */,
				17C8C6F528EA151D0011161E /* KisiDetayVC.swift in Sources */,
				17C8C6E328EA136A0011161E /* AnasayfaVC.swift in Sources */,
				1725F04B28F337B3001D2149 /* KisiDetayProtocols.swift in Sources */,
				1725F07F28F359EF001D2149 /* FMDatabaseAdditions.m in Sources */,
				1725F07D28F359EF001D2149 /* FMResultSet.m in Sources */,
				1725F04728F33770001D2149 /* KisiDetayInteractor.swift in Sources */,
				17C8C6DF28EA136A0011161E /* AppDelegate.swift in Sources */,
				1725F02928F332F9001D2149 /* AnasayfaInteractor.swift in Sources */,
				172CA78B28EC98B500522A7B /* TableViewHucre.swift in Sources */,
				17C8C6E128EA136A0011161E /* SceneDelegate.swift in Sources */,
				1725F08028F359EF001D2149 /* FMDatabaseQueue.m in Sources */,
				1725F04D28F3386C001D2149 /* KisiKayitProtocols.swift in Sources */,
				1725F04528F3375C001D2149 /* KisiDetayPresenter.swift in Sources */,
				1725F02B28F33302001D2149 /* AnasayfaRouter.swift in Sources */,
				17C8C6F328EA14FB0011161E /* KisiKayitVC.swift in Sources */,
				1725F02728F332D7001D2149 /* AnasayfaPresenter.swift in Sources */,
				17C8C6F728EA1E7A0011161E /* Kisiler.swift in Sources */,
			);
			runOnlyForDeploymentPostprocessing = 0;
		};
/* End PBXSourcesBuildPhase section */

/* Begin PBXVariantGroup section */
		17C8C6E428EA136A0011161E /* Main.storyboard */ = {
			isa = PBXVariantGroup;
			children = (
				17C8C6E528EA136A0011161E /* Base */,
			);
			name = Main.storyboard;
			sourceTree = "<group>";
		};
		17C8C6E928EA136B0011161E /* LaunchScreen.storyboard */ = {
			isa = PBXVariantGroup;
			children = (
				17C8C6EA28EA136B0011161E /* Base */,
			);
			name = LaunchScreen.storyboard;
			sourceTree = "<group>";
		};
/* End PBXVariantGroup section */

/* Begin XCBuildConfiguration section */
		17C8C6ED28EA136B0011161E /* Debug */ = {
			isa = XCBuildConfiguration;
			buildSettings = {
				ALWAYS_SEARCH_USER_PATHS = NO;
				CLANG_ANALYZER_NONNULL = YES;
				CLANG_ANALYZER_NUMBER_OBJECT_CONVERSION = YES_AGGRESSIVE;
				CLANG_CXX_LANGUAGE_STANDARD = "gnu++17";
				CLANG_ENABLE_MODULES = YES;
				CLANG_ENABLE_OBJC_ARC = YES;
				CLANG_ENABLE_OBJC_WEAK = YES;
				CLANG_WARN_BLOCK_CAPTURE_AUTORELEASING = YES;
				CLANG_WARN_BOOL_CONVERSION = YES;
				CLANG_WARN_COMMA = YES;
				CLANG_WARN_CONSTANT_CONVERSION = YES;
				CLANG_WARN_DEPRECATED_OBJC_IMPLEMENTATIONS = YES;
				CLANG_WARN_DIRECT_OBJC_ISA_USAGE = YES_ERROR;
				CLANG_WARN_DOCUMENTATION_COMMENTS = YES;
				CLANG_WARN_EMPTY_BODY = YES;
				CLANG_WARN_ENUM_CONVERSION = YES;
				CLANG_WARN_INFINITE_RECURSION = YES;
				CLANG_WARN_INT_CONVERSION = YES;
				CLANG_WARN_NON_LITERAL_NULL_CONVERSION = YES;
				CLANG_WARN_OBJC_IMPLICIT_RETAIN_SELF = YES;
				CLANG_WARN_OBJC_LITERAL_CONVERSION = YES;
				CLANG_WARN_OBJC_ROOT_CLASS = YES_ERROR;
				CLANG_WARN_QUOTED_INCLUDE_IN_FRAMEWORK_HEADER = YES;
				CLANG_WARN_RANGE_LOOP_ANALYSIS = YES;
				CLANG_WARN_STRICT_PROTOTYPES = YES;
				CLANG_WARN_SUSPICIOUS_MOVE = YES;
				CLANG_WARN_UNGUARDED_AVAILABILITY = YES_AGGRESSIVE;
				CLANG_WARN_UNREACHABLE_CODE = YES;
				CLANG_WARN__DUPLICATE_METHOD_MATCH = YES;
				COPY_PHASE_STRIP = NO;
				DEBUG_INFORMATION_FORMAT = dwarf;
				ENABLE_STRICT_OBJC_MSGSEND = YES;
				ENABLE_TESTABILITY = YES;
				GCC_C_LANGUAGE_STANDARD = gnu11;
				GCC_DYNAMIC_NO_PIC = NO;
				GCC_NO_COMMON_BLOCKS = YES;
				GCC_OPTIMIZATION_LEVEL = 0;
				GCC_PREPROCESSOR_DEFINITIONS = (
					"DEBUG=1",
					"$(inherited)",
				);
				GCC_WARN_64_TO_32_BIT_CONVERSION = YES;
				GCC_WARN_ABOUT_RETURN_TYPE = YES_ERROR;
				GCC_WARN_UNDECLARED_SELECTOR = YES;
				GCC_WARN_UNINITIALIZED_AUTOS = YES_AGGRESSIVE;
				GCC_WARN_UNUSED_FUNCTION = YES;
				GCC_WARN_UNUSED_VARIABLE = YES;
				IPHONEOS_DEPLOYMENT_TARGET = 15.4;
				MTL_ENABLE_DEBUG_INFO = INCLUDE_SOURCE;
				MTL_FAST_MATH = YES;
				ONLY_ACTIVE_ARCH = YES;
				SDKROOT = iphoneos;
				SWIFT_ACTIVE_COMPILATION_CONDITIONS = DEBUG;
				SWIFT_OPTIMIZATION_LEVEL = "-Onone";
			};
			name = Debug;
		};
		17C8C6EE28EA136B0011161E /* Release */ = {
			isa = XCBuildConfiguration;
			buildSettings = {
				ALWAYS_SEARCH_USER_PATHS = NO;
				CLANG_ANALYZER_NONNULL = YES;
				CLANG_ANALYZER_NUMBER_OBJECT_CONVERSION = YES_AGGRESSIVE;
				CLANG_CXX_LANGUAGE_STANDARD = "gnu++17";
				CLANG_ENABLE_MODULES = YES;
				CLANG_ENABLE_OBJC_ARC = YES;
				CLANG_ENABLE_OBJC_WEAK = YES;
				CLANG_WARN_BLOCK_CAPTURE_AUTORELEASING = YES;
				CLANG_WARN_BOOL_CONVERSION = YES;
				CLANG_WARN_COMMA = YES;
				CLANG_WARN_CONSTANT_CONVERSION = YES;
				CLANG_WARN_DEPRECATED_OBJC_IMPLEMENTATIONS = YES;
				CLANG_WARN_DIRECT_OBJC_ISA_USAGE = YES_ERROR;
				CLANG_WARN_DOCUMENTATION_COMMENTS = YES;
				CLANG_WARN_EMPTY_BODY = YES;
				CLANG_WARN_ENUM_CONVERSION = YES;
				CLANG_WARN_INFINITE_RECURSION = YES;
				CLANG_WARN_INT_CONVERSION = YES;
				CLANG_WARN_NON_LITERAL_NULL_CONVERSION = YES;
				CLANG_WARN_OBJC_IMPLICIT_RETAIN_SELF = YES;
				CLANG_WARN_OBJC_LITERAL_CONVERSION = YES;
				CLANG_WARN_OBJC_ROOT_CLASS = YES_ERROR;
				CLANG_WARN_QUOTED_INCLUDE_IN_FRAMEWORK_HEADER = YES;
				CLANG_WARN_RANGE_LOOP_ANALYSIS = YES;
				CLANG_WARN_STRICT_PROTOTYPES = YES;
				CLANG_WARN_SUSPICIOUS_MOVE = YES;
				CLANG_WARN_UNGUARDED_AVAILABILITY = YES_AGGRESSIVE;
				CLANG_WARN_UNREACHABLE_CODE = YES;
				CLANG_WARN__DUPLICATE_METHOD_MATCH = YES;
				COPY_PHASE_STRIP = NO;
				DEBUG_INFORMATION_FORMAT = "dwarf-with-dsym";
				ENABLE_NS_ASSERTIONS = NO;
				ENABLE_STRICT_OBJC_MSGSEND = YES;
				GCC_C_LANGUAGE_STANDARD = gnu11;
				GCC_NO_COMMON_BLOCKS = YES;
				GCC_WARN_64_TO_32_BIT_CONVERSION = YES;
				GCC_WARN_ABOUT_RETURN_TYPE = YES_ERROR;
				GCC_WARN_UNDECLARED_SELECTOR = YES;
				GCC_WARN_UNINITIALIZED_AUTOS = YES_AGGRESSIVE;
				GCC_WARN_UNUSED_FUNCTION = YES;
				GCC_WARN_UNUSED_VARIABLE = YES;
				IPHONEOS_DEPLOYMENT_TARGET = 15.4;
				MTL_ENABLE_DEBUG_INFO = NO;
				MTL_FAST_MATH = YES;
				SDKROOT = iphoneos;
				SWIFT_COMPILATION_MODE = wholemodule;
				SWIFT_OPTIMIZATION_LEVEL = "-O";
				VALIDATE_PRODUCT = YES;
			};
			name = Release;
		};
		17C8C6F028EA136B0011161E /* Debug */ = {
			isa = XCBuildConfiguration;
			buildSettings = {
				ASSETCATALOG_COMPILER_APPICON_NAME = AppIcon;
				ASSETCATALOG_COMPILER_GLOBAL_ACCENT_COLOR_NAME = AccentColor;
				CLANG_ENABLE_MODULES = YES;
				CODE_SIGN_STYLE = Automatic;
				CURRENT_PROJECT_VERSION = 1;
				DEVELOPMENT_TEAM = UD84BLAXT6;
				GENERATE_INFOPLIST_FILE = YES;
				INFOPLIST_FILE = KisilerUygulamasi/Info.plist;
				INFOPLIST_KEY_UIApplicationSupportsIndirectInputEvents = YES;
				INFOPLIST_KEY_UILaunchStoryboardName = LaunchScreen;
				INFOPLIST_KEY_UIMainStoryboardFile = Main;
				INFOPLIST_KEY_UISupportedInterfaceOrientations_iPad = "UIInterfaceOrientationPortrait UIInterfaceOrientationPortraitUpsideDown UIInterfaceOrientationLandscapeLeft UIInterfaceOrientationLandscapeRight";
				INFOPLIST_KEY_UISupportedInterfaceOrientations_iPhone = "UIInterfaceOrientationPortrait UIInterfaceOrientationLandscapeLeft UIInterfaceOrientationLandscapeRight";
				LD_RUNPATH_SEARCH_PATHS = (
					"$(inherited)",
					"@executable_path/Frameworks",
				);
				MARKETING_VERSION = 1.0;
				PRODUCT_BUNDLE_IDENTIFIER = com.kiliclimehmetali.KisilerUygulamasi;
				PRODUCT_NAME = "$(TARGET_NAME)";
				SWIFT_EMIT_LOC_STRINGS = YES;
				SWIFT_OBJC_BRIDGING_HEADER = "KisilerUygulamasi/KisilerUygulamasi-Bridging-Header.h";
				SWIFT_OPTIMIZATION_LEVEL = "-Onone";
				SWIFT_VERSION = 5.0;
				TARGETED_DEVICE_FAMILY = "1,2";
			};
			name = Debug;
		};
		17C8C6F128EA136B0011161E /* Release */ = {
			isa = XCBuildConfiguration;
			buildSettings = {
				ASSETCATALOG_COMPILER_APPICON_NAME = AppIcon;
				ASSETCATALOG_COMPILER_GLOBAL_ACCENT_COLOR_NAME = AccentColor;
				CLANG_ENABLE_MODULES = YES;
				CODE_SIGN_STYLE = Automatic;
				CURRENT_PROJECT_VERSION = 1;
				DEVELOPMENT_TEAM = UD84BLAXT6;
				GENERATE_INFOPLIST_FILE = YES;
				INFOPLIST_FILE = KisilerUygulamasi/Info.plist;
				INFOPLIST_KEY_UIApplicationSupportsIndirectInputEvents = YES;
				INFOPLIST_KEY_UILaunchStoryboardName = LaunchScreen;
				INFOPLIST_KEY_UIMainStoryboardFile = Main;
				INFOPLIST_KEY_UISupportedInterfaceOrientations_iPad = "UIInterfaceOrientationPortrait UIInterfaceOrientationPortraitUpsideDown UIInterfaceOrientationLandscapeLeft UIInterfaceOrientationLandscapeRight";
				INFOPLIST_KEY_UISupportedInterfaceOrientations_iPhone = "UIInterfaceOrientationPortrait UIInterfaceOrientationLandscapeLeft UIInterfaceOrientationLandscapeRight";
				LD_RUNPATH_SEARCH_PATHS = (
					"$(inherited)",
					"@executable_path/Frameworks",
				);
				MARKETING_VERSION = 1.0;
				PRODUCT_BUNDLE_IDENTIFIER = com.kiliclimehmetali.KisilerUygulamasi;
				PRODUCT_NAME = "$(TARGET_NAME)";
				SWIFT_EMIT_LOC_STRINGS = YES;
				SWIFT_OBJC_BRIDGING_HEADER = "KisilerUygulamasi/KisilerUygulamasi-Bridging-Header.h";
				SWIFT_VERSION = 5.0;
				TARGETED_DEVICE_FAMILY = "1,2";
			};
			name = Release;
		};
/* End XCBuildConfiguration section */

/* Begin XCConfigurationList section */
		17C8C6D628EA136A0011161E /* Build configuration list for PBXProject "KisilerUygulamasi" */ = {
			isa = XCConfigurationList;
			buildConfigurations = (
				17C8C6ED28EA136B0011161E /* Debug */,
				17C8C6EE28EA136B0011161E /* Release */,
			);
			defaultConfigurationIsVisible = 0;
			defaultConfigurationName = Release;
		};
		17C8C6EF28EA136B0011161E /* Build configuration list for PBXNativeTarget "KisilerUygulamasi" */ = {
			isa = XCConfigurationList;
			buildConfigurations = (
				17C8C6F028EA136B0011161E /* Debug */,
				17C8C6F128EA136B0011161E /* Release */,
			);
			defaultConfigurationIsVisible = 0;
			defaultConfigurationName = Release;
		};
/* End XCConfigurationList section */
	};
	rootObject = 17C8C6D328EA136A0011161E /* Project object */;
}
